
Microsoft Visual Studio Solution File, Format Version 12.00
# Visual Studio Version 16
VisualStudioVersion = 16.0.28705.295
MinimumVisualStudioVersion = 10.0.40219.1
Project("{FAE04EC0-301F-11D3-BF4B-00C04F79EFBC}") = "Minecraft Open service", "Minecraft Open service\Minecraft Open service.csproj", "{F4031ECF-3491-4E07-BBF9-888040E7A412}"
EndProject
Global
	GlobalSection(SolutionConfigurationPlatforms) = preSolution
		Debug|Any CPU = Debug|Any CPU
		Release|Any CPU = Release|Any CPU
	EndGlobalSection
	GlobalSection(ProjectConfigurationPlatforms) = postSolution
		{F4031ECF-3491-4E07-BBF9-888040E7A412}.Debug|Any CPU.ActiveCfg = Debug|Any CPU
		{F4031ECF-3491-4E07-BBF9-888040E7A412}.Debug|Any CPU.Build.0 = Debug|Any CPU
		{F4031ECF-3491-4E07-BBF9-888040E7A412}.Release|Any CPU.ActiveCfg = Release|Any CPU
		{F4031ECF-3491-4E07-BBF9-888040E7A412}.Release|Any CPU.Build.0 = Release|Any CPU
	EndGlobalSection
	GlobalSection(SolutionProperties) = preSolution
		HideSolutionNode = FALSE
	EndGlobalSection
	GlobalSection(ExtensibilityGlobals) = postSolution
		SolutionGuid = {FA0053CA-9AAA-46DD-87FB-623277D1A6E0}
	EndGlobalSection
EndGlobal
